// !$*UTF8*$!
{
	archiveVersion = 1;
	classes = {
	};
	objectVersion = 46;
	objects = {

/* Begin PBXBuildFile section */
		4E02A8BF1B2AA8D40012C8DC /* EditPlayerTableViewController.swift in Sources */ = {isa = PBXBuildFile; fileRef = 4E02A8BE1B2AA8D40012C8DC /* EditPlayerTableViewController.swift */; };
		4E852EB51B360226000FD961 /* AsyncButton.swift in Sources */ = {isa = PBXBuildFile; fileRef = 4E852E971B360226000FD961 /* AsyncButton.swift */; };
		4E852EB61B360226000FD961 /* AsyncImageView.swift in Sources */ = {isa = PBXBuildFile; fileRef = 4E852E981B360226000FD961 /* AsyncImageView.swift */; };
		4E852EB71B360226000FD961 /* AutoTextView.swift in Sources */ = {isa = PBXBuildFile; fileRef = 4E852E991B360226000FD961 /* AutoTextView.swift */; };
		4E852EB81B360226000FD961 /* BlurView.swift in Sources */ = {isa = PBXBuildFile; fileRef = 4E852E9A1B360226000FD961 /* BlurView.swift */; };
		4E852EB91B360226000FD961 /* DesignableButton.swift in Sources */ = {isa = PBXBuildFile; fileRef = 4E852E9B1B360226000FD961 /* DesignableButton.swift */; };
		4E852EBA1B360226000FD961 /* DesignableImageView.swift in Sources */ = {isa = PBXBuildFile; fileRef = 4E852E9C1B360226000FD961 /* DesignableImageView.swift */; };
		4E852EBB1B360226000FD961 /* DesignableLabel.swift in Sources */ = {isa = PBXBuildFile; fileRef = 4E852E9D1B360226000FD961 /* DesignableLabel.swift */; };
		4E852EBC1B360226000FD961 /* DesignableTabBarController.swift in Sources */ = {isa = PBXBuildFile; fileRef = 4E852E9E1B360226000FD961 /* DesignableTabBarController.swift */; };
		4E852EBD1B360226000FD961 /* DesignableTextField.swift in Sources */ = {isa = PBXBuildFile; fileRef = 4E852E9F1B360226000FD961 /* DesignableTextField.swift */; };
		4E852EBE1B360226000FD961 /* DesignableTextView.swift in Sources */ = {isa = PBXBuildFile; fileRef = 4E852EA01B360226000FD961 /* DesignableTextView.swift */; };
		4E852EBF1B360226000FD961 /* DesignableView.swift in Sources */ = {isa = PBXBuildFile; fileRef = 4E852EA11B360226000FD961 /* DesignableView.swift */; };
		4E852EC01B360226000FD961 /* ImageLoader.swift in Sources */ = {isa = PBXBuildFile; fileRef = 4E852EA21B360226000FD961 /* ImageLoader.swift */; };
		4E852EC11B360226000FD961 /* Info.plist in Resources */ = {isa = PBXBuildFile; fileRef = 4E852EA31B360226000FD961 /* Info.plist */; };
		4E852EC21B360226000FD961 /* KeyboardLayoutConstraint.swift in Sources */ = {isa = PBXBuildFile; fileRef = 4E852EA41B360226000FD961 /* KeyboardLayoutConstraint.swift */; };
		4E852EC31B360226000FD961 /* LoadingView.swift in Sources */ = {isa = PBXBuildFile; fileRef = 4E852EA51B360226000FD961 /* LoadingView.swift */; };
		4E852EC41B360226000FD961 /* LoadingView.xib in Resources */ = {isa = PBXBuildFile; fileRef = 4E852EA61B360226000FD961 /* LoadingView.xib */; };
		4E852EC51B360226000FD961 /* Misc.swift in Sources */ = {isa = PBXBuildFile; fileRef = 4E852EA71B360226000FD961 /* Misc.swift */; };
		4E852EC61B360226000FD961 /* SoundPlayer.swift in Sources */ = {isa = PBXBuildFile; fileRef = 4E852EA81B360226000FD961 /* SoundPlayer.swift */; };
		4E852EC71B360226000FD961 /* Spring.swift in Sources */ = {isa = PBXBuildFile; fileRef = 4E852EAA1B360226000FD961 /* Spring.swift */; };
		4E852EC81B360226000FD961 /* SpringAnimation.swift in Sources */ = {isa = PBXBuildFile; fileRef = 4E852EAB1B360226000FD961 /* SpringAnimation.swift */; };
		4E852EC91B360226000FD961 /* SpringButton.swift in Sources */ = {isa = PBXBuildFile; fileRef = 4E852EAC1B360226000FD961 /* SpringButton.swift */; };
		4E852ECA1B360226000FD961 /* SpringImageView.swift in Sources */ = {isa = PBXBuildFile; fileRef = 4E852EAD1B360226000FD961 /* SpringImageView.swift */; };
		4E852ECB1B360226000FD961 /* SpringLabel.swift in Sources */ = {isa = PBXBuildFile; fileRef = 4E852EAE1B360226000FD961 /* SpringLabel.swift */; };
		4E852ECC1B360226000FD961 /* SpringTextField.swift in Sources */ = {isa = PBXBuildFile; fileRef = 4E852EAF1B360226000FD961 /* SpringTextField.swift */; };
		4E852ECD1B360226000FD961 /* SpringTextView.swift in Sources */ = {isa = PBXBuildFile; fileRef = 4E852EB01B360226000FD961 /* SpringTextView.swift */; };
		4E852ECE1B360226000FD961 /* SpringView.swift in Sources */ = {isa = PBXBuildFile; fileRef = 4E852EB11B360226000FD961 /* SpringView.swift */; };
		4E852ECF1B360226000FD961 /* TransitionManager.swift in Sources */ = {isa = PBXBuildFile; fileRef = 4E852EB21B360226000FD961 /* TransitionManager.swift */; };
		4E852ED01B360226000FD961 /* TransitionZoom.swift in Sources */ = {isa = PBXBuildFile; fileRef = 4E852EB31B360226000FD961 /* TransitionZoom.swift */; };
		4E852ED11B360226000FD961 /* UnwindSegue.swift in Sources */ = {isa = PBXBuildFile; fileRef = 4E852EB41B360226000FD961 /* UnwindSegue.swift */; };
		4E85F2281B20FF670090741F /* AppDelegate.swift in Sources */ = {isa = PBXBuildFile; fileRef = 4E85F2271B20FF670090741F /* AppDelegate.swift */; };
		4E85F22A1B20FF670090741F /* ViewController.swift in Sources */ = {isa = PBXBuildFile; fileRef = 4E85F2291B20FF670090741F /* ViewController.swift */; };
		4E85F22D1B20FF670090741F /* Main.storyboard in Resources */ = {isa = PBXBuildFile; fileRef = 4E85F22B1B20FF670090741F /* Main.storyboard */; };
		4E85F22F1B20FF670090741F /* Images.xcassets in Resources */ = {isa = PBXBuildFile; fileRef = 4E85F22E1B20FF670090741F /* Images.xcassets */; };
		4E85F2321B20FF670090741F /* LaunchScreen.xib in Resources */ = {isa = PBXBuildFile; fileRef = 4E85F2301B20FF670090741F /* LaunchScreen.xib */; };
		4E85F23E1B20FF670090741F /* TLMTests.swift in Sources */ = {isa = PBXBuildFile; fileRef = 4E85F23D1B20FF670090741F /* TLMTests.swift */; };
		4E945C4D1B228BBB002D1B09 /* WeekTableViewController.swift in Sources */ = {isa = PBXBuildFile; fileRef = 4E945C4C1B228BBB002D1B09 /* WeekTableViewController.swift */; };
		4E9D6A6F1B261DF900875E7A /* PlayerTableViewController.swift in Sources */ = {isa = PBXBuildFile; fileRef = 4E9D6A6E1B261DF900875E7A /* PlayerTableViewController.swift */; };
/* End PBXBuildFile section */

/* Begin PBXContainerItemProxy section */
		4E85F2381B20FF670090741F /* PBXContainerItemProxy */ = {
			isa = PBXContainerItemProxy;
			containerPortal = 4E85F21A1B20FF670090741F /* Project object */;
			proxyType = 1;
			remoteGlobalIDString = 4E85F2211B20FF670090741F;
			remoteInfo = TLM;
		};
/* End PBXContainerItemProxy section */

/* Begin PBXFileReference section */
		4E02A8BE1B2AA8D40012C8DC /* EditPlayerTableViewController.swift */ = {isa = PBXFileReference; fileEncoding = 4; lastKnownFileType = sourcecode.swift; path = EditPlayerTableViewController.swift; sourceTree = "<group>"; xcLanguageSpecificationIdentifier = xcode.lang.swift; };
		4E852E971B360226000FD961 /* AsyncButton.swift */ = {isa = PBXFileReference; fileEncoding = 4; lastKnownFileType = sourcecode.swift; path = AsyncButton.swift; sourceTree = "<group>"; };
		4E852E981B360226000FD961 /* AsyncImageView.swift */ = {isa = PBXFileReference; fileEncoding = 4; lastKnownFileType = sourcecode.swift; path = AsyncImageView.swift; sourceTree = "<group>"; };
		4E852E991B360226000FD961 /* AutoTextView.swift */ = {isa = PBXFileReference; fileEncoding = 4; lastKnownFileType = sourcecode.swift; path = AutoTextView.swift; sourceTree = "<group>"; };
		4E852E9A1B360226000FD961 /* BlurView.swift */ = {isa = PBXFileReference; fileEncoding = 4; lastKnownFileType = sourcecode.swift; path = BlurView.swift; sourceTree = "<group>"; };
		4E852E9B1B360226000FD961 /* DesignableButton.swift */ = {isa = PBXFileReference; fileEncoding = 4; lastKnownFileType = sourcecode.swift; path = DesignableButton.swift; sourceTree = "<group>"; };
		4E852E9C1B360226000FD961 /* DesignableImageView.swift */ = {isa = PBXFileReference; fileEncoding = 4; lastKnownFileType = sourcecode.swift; path = DesignableImageView.swift; sourceTree = "<group>"; };
		4E852E9D1B360226000FD961 /* DesignableLabel.swift */ = {isa = PBXFileReference; fileEncoding = 4; lastKnownFileType = sourcecode.swift; path = DesignableLabel.swift; sourceTree = "<group>"; };
		4E852E9E1B360226000FD961 /* DesignableTabBarController.swift */ = {isa = PBXFileReference; fileEncoding = 4; lastKnownFileType = sourcecode.swift; path = DesignableTabBarController.swift; sourceTree = "<group>"; };
		4E852E9F1B360226000FD961 /* DesignableTextField.swift */ = {isa = PBXFileReference; fileEncoding = 4; lastKnownFileType = sourcecode.swift; path = DesignableTextField.swift; sourceTree = "<group>"; };
		4E852EA01B360226000FD961 /* DesignableTextView.swift */ = {isa = PBXFileReference; fileEncoding = 4; lastKnownFileType = sourcecode.swift; path = DesignableTextView.swift; sourceTree = "<group>"; };
		4E852EA11B360226000FD961 /* DesignableView.swift */ = {isa = PBXFileReference; fileEncoding = 4; lastKnownFileType = sourcecode.swift; path = DesignableView.swift; sourceTree = "<group>"; };
		4E852EA21B360226000FD961 /* ImageLoader.swift */ = {isa = PBXFileReference; fileEncoding = 4; lastKnownFileType = sourcecode.swift; path = ImageLoader.swift; sourceTree = "<group>"; };
		4E852EA31B360226000FD961 /* Info.plist */ = {isa = PBXFileReference; fileEncoding = 4; lastKnownFileType = text.plist.xml; path = Info.plist; sourceTree = "<group>"; };
		4E852EA41B360226000FD961 /* KeyboardLayoutConstraint.swift */ = {isa = PBXFileReference; fileEncoding = 4; lastKnownFileType = sourcecode.swift; path = KeyboardLayoutConstraint.swift; sourceTree = "<group>"; };
		4E852EA51B360226000FD961 /* LoadingView.swift */ = {isa = PBXFileReference; fileEncoding = 4; lastKnownFileType = sourcecode.swift; path = LoadingView.swift; sourceTree = "<group>"; };
		4E852EA61B360226000FD961 /* LoadingView.xib */ = {isa = PBXFileReference; fileEncoding = 4; lastKnownFileType = file.xib; path = LoadingView.xib; sourceTree = "<group>"; };
		4E852EA71B360226000FD961 /* Misc.swift */ = {isa = PBXFileReference; fileEncoding = 4; lastKnownFileType = sourcecode.swift; path = Misc.swift; sourceTree = "<group>"; };
		4E852EA81B360226000FD961 /* SoundPlayer.swift */ = {isa = PBXFileReference; fileEncoding = 4; lastKnownFileType = sourcecode.swift; path = SoundPlayer.swift; sourceTree = "<group>"; };
		4E852EA91B360226000FD961 /* Spring.h */ = {isa = PBXFileReference; fileEncoding = 4; lastKnownFileType = sourcecode.c.h; path = Spring.h; sourceTree = "<group>"; };
		4E852EAA1B360226000FD961 /* Spring.swift */ = {isa = PBXFileReference; fileEncoding = 4; lastKnownFileType = sourcecode.swift; path = Spring.swift; sourceTree = "<group>"; };
		4E852EAB1B360226000FD961 /* SpringAnimation.swift */ = {isa = PBXFileReference; fileEncoding = 4; lastKnownFileType = sourcecode.swift; path = SpringAnimation.swift; sourceTree = "<group>"; };
		4E852EAC1B360226000FD961 /* SpringButton.swift */ = {isa = PBXFileReference; fileEncoding = 4; lastKnownFileType = sourcecode.swift; path = SpringButton.swift; sourceTree = "<group>"; };
		4E852EAD1B360226000FD961 /* SpringImageView.swift */ = {isa = PBXFileReference; fileEncoding = 4; lastKnownFileType = sourcecode.swift; path = SpringImageView.swift; sourceTree = "<group>"; };
		4E852EAE1B360226000FD961 /* SpringLabel.swift */ = {isa = PBXFileReference; fileEncoding = 4; lastKnownFileType = sourcecode.swift; path = SpringLabel.swift; sourceTree = "<group>"; };
		4E852EAF1B360226000FD961 /* SpringTextField.swift */ = {isa = PBXFileReference; fileEncoding = 4; lastKnownFileType = sourcecode.swift; path = SpringTextField.swift; sourceTree = "<group>"; };
		4E852EB01B360226000FD961 /* SpringTextView.swift */ = {isa = PBXFileReference; fileEncoding = 4; lastKnownFileType = sourcecode.swift; path = SpringTextView.swift; sourceTree = "<group>"; };
		4E852EB11B360226000FD961 /* SpringView.swift */ = {isa = PBXFileReference; fileEncoding = 4; lastKnownFileType = sourcecode.swift; path = SpringView.swift; sourceTree = "<group>"; };
		4E852EB21B360226000FD961 /* TransitionManager.swift */ = {isa = PBXFileReference; fileEncoding = 4; lastKnownFileType = sourcecode.swift; path = TransitionManager.swift; sourceTree = "<group>"; };
		4E852EB31B360226000FD961 /* TransitionZoom.swift */ = {isa = PBXFileReference; fileEncoding = 4; lastKnownFileType = sourcecode.swift; path = TransitionZoom.swift; sourceTree = "<group>"; };
		4E852EB41B360226000FD961 /* UnwindSegue.swift */ = {isa = PBXFileReference; fileEncoding = 4; lastKnownFileType = sourcecode.swift; path = UnwindSegue.swift; sourceTree = "<group>"; };
		4E85F2221B20FF670090741F /* TLM.app */ = {isa = PBXFileReference; explicitFileType = wrapper.application; includeInIndex = 0; path = TLM.app; sourceTree = BUILT_PRODUCTS_DIR; };
		4E85F2261B20FF670090741F /* Info.plist */ = {isa = PBXFileReference; lastKnownFileType = text.plist.xml; path = Info.plist; sourceTree = "<group>"; };
		4E85F2271B20FF670090741F /* AppDelegate.swift */ = {isa = PBXFileReference; lastKnownFileType = sourcecode.swift; path = AppDelegate.swift; sourceTree = "<group>"; };
		4E85F2291B20FF670090741F /* ViewController.swift */ = {isa = PBXFileReference; lastKnownFileType = sourcecode.swift; path = ViewController.swift; sourceTree = "<group>"; };
		4E85F22C1B20FF670090741F /* Base */ = {isa = PBXFileReference; lastKnownFileType = file.storyboard; name = Base; path = Base.lproj/Main.storyboard; sourceTree = "<group>"; };
		4E85F22E1B20FF670090741F /* Images.xcassets */ = {isa = PBXFileReference; lastKnownFileType = folder.assetcatalog; path = Images.xcassets; sourceTree = "<group>"; };
		4E85F2311B20FF670090741F /* Base */ = {isa = PBXFileReference; lastKnownFileType = file.xib; name = Base; path = Base.lproj/LaunchScreen.xib; sourceTree = "<group>"; };
		4E85F2371B20FF670090741F /* TLMTests.xctest */ = {isa = PBXFileReference; explicitFileType = wrapper.cfbundle; includeInIndex = 0; path = TLMTests.xctest; sourceTree = BUILT_PRODUCTS_DIR; };
		4E85F23C1B20FF670090741F /* Info.plist */ = {isa = PBXFileReference; lastKnownFileType = text.plist.xml; path = Info.plist; sourceTree = "<group>"; };
		4E85F23D1B20FF670090741F /* TLMTests.swift */ = {isa = PBXFileReference; lastKnownFileType = sourcecode.swift; path = TLMTests.swift; sourceTree = "<group>"; };
		4E945C4C1B228BBB002D1B09 /* WeekTableViewController.swift */ = {isa = PBXFileReference; fileEncoding = 4; lastKnownFileType = sourcecode.swift; path = WeekTableViewController.swift; sourceTree = "<group>"; };
		4E9D6A6E1B261DF900875E7A /* PlayerTableViewController.swift */ = {isa = PBXFileReference; fileEncoding = 4; lastKnownFileType = sourcecode.swift; path = PlayerTableViewController.swift; sourceTree = "<group>"; };
/* End PBXFileReference section */

/* Begin PBXFrameworksBuildPhase section */
		4E85F21F1B20FF670090741F /* Frameworks */ = {
			isa = PBXFrameworksBuildPhase;
			buildActionMask = 2147483647;
			files = (
			);
			runOnlyForDeploymentPostprocessing = 0;
		};
		4E85F2341B20FF670090741F /* Frameworks */ = {
			isa = PBXFrameworksBuildPhase;
			buildActionMask = 2147483647;
			files = (
			);
			runOnlyForDeploymentPostprocessing = 0;
		};
/* End PBXFrameworksBuildPhase section */

/* Begin PBXGroup section */
		4E852E961B360226000FD961 /* Spring */ = {
			isa = PBXGroup;
			children = (
				4E852E971B360226000FD961 /* AsyncButton.swift */,
				4E852E981B360226000FD961 /* AsyncImageView.swift */,
				4E852E991B360226000FD961 /* AutoTextView.swift */,
				4E852E9A1B360226000FD961 /* BlurView.swift */,
				4E852E9B1B360226000FD961 /* DesignableButton.swift */,
				4E852E9C1B360226000FD961 /* DesignableImageView.swift */,
				4E852E9D1B360226000FD961 /* DesignableLabel.swift */,
				4E852E9E1B360226000FD961 /* DesignableTabBarController.swift */,
				4E852E9F1B360226000FD961 /* DesignableTextField.swift */,
				4E852EA01B360226000FD961 /* DesignableTextView.swift */,
				4E852EA11B360226000FD961 /* DesignableView.swift */,
				4E852EA21B360226000FD961 /* ImageLoader.swift */,
				4E852EA31B360226000FD961 /* Info.plist */,
				4E852EA41B360226000FD961 /* KeyboardLayoutConstraint.swift */,
				4E852EA51B360226000FD961 /* LoadingView.swift */,
				4E852EA61B360226000FD961 /* LoadingView.xib */,
				4E852EA71B360226000FD961 /* Misc.swift */,
				4E852EA81B360226000FD961 /* SoundPlayer.swift */,
				4E852EA91B360226000FD961 /* Spring.h */,
				4E852EAA1B360226000FD961 /* Spring.swift */,
				4E852EAB1B360226000FD961 /* SpringAnimation.swift */,
				4E852EAC1B360226000FD961 /* SpringButton.swift */,
				4E852EAD1B360226000FD961 /* SpringImageView.swift */,
				4E852EAE1B360226000FD961 /* SpringLabel.swift */,
				4E852EAF1B360226000FD961 /* SpringTextField.swift */,
				4E852EB01B360226000FD961 /* SpringTextView.swift */,
				4E852EB11B360226000FD961 /* SpringView.swift */,
				4E852EB21B360226000FD961 /* TransitionManager.swift */,
				4E852EB31B360226000FD961 /* TransitionZoom.swift */,
				4E852EB41B360226000FD961 /* UnwindSegue.swift */,
			);
			path = Spring;
			sourceTree = "<group>";
		};
		4E85F2191B20FF670090741F = {
			isa = PBXGroup;
			children = (
				4E85F2241B20FF670090741F /* TLM */,
				4E85F23A1B20FF670090741F /* TLMTests */,
				4E85F2231B20FF670090741F /* Products */,
			);
			sourceTree = "<group>";
		};
		4E85F2231B20FF670090741F /* Products */ = {
			isa = PBXGroup;
			children = (
				4E85F2221B20FF670090741F /* TLM.app */,
				4E85F2371B20FF670090741F /* TLMTests.xctest */,
			);
			name = Products;
			sourceTree = "<group>";
		};
		4E85F2241B20FF670090741F /* TLM */ = {
			isa = PBXGroup;
			children = (
				4E85F2271B20FF670090741F /* AppDelegate.swift */,
				4E85F22B1B20FF670090741F /* Main.storyboard */,
				4E85F2291B20FF670090741F /* ViewController.swift */,
				4E945C4C1B228BBB002D1B09 /* WeekTableViewController.swift */,
				4E9D6A6E1B261DF900875E7A /* PlayerTableViewController.swift */,
				4E02A8BE1B2AA8D40012C8DC /* EditPlayerTableViewController.swift */,
				4E85F22E1B20FF670090741F /* Images.xcassets */,
				4E85F2301B20FF670090741F /* LaunchScreen.xib */,
				4E852E961B360226000FD961 /* Spring */,
				4E85F2251B20FF670090741F /* Supporting Files */,
			);
			path = TLM;
			sourceTree = "<group>";
		};
		4E85F2251B20FF670090741F /* Supporting Files */ = {
			isa = PBXGroup;
			children = (
				4E85F2261B20FF670090741F /* Info.plist */,
			);
			name = "Supporting Files";
			sourceTree = "<group>";
		};
		4E85F23A1B20FF670090741F /* TLMTests */ = {
			isa = PBXGroup;
			children = (
				4E85F23D1B20FF670090741F /* TLMTests.swift */,
				4E85F23B1B20FF670090741F /* Supporting Files */,
			);
			path = TLMTests;
			sourceTree = "<group>";
		};
		4E85F23B1B20FF670090741F /* Supporting Files */ = {
			isa = PBXGroup;
			children = (
				4E85F23C1B20FF670090741F /* Info.plist */,
			);
			name = "Supporting Files";
			sourceTree = "<group>";
		};
/* End PBXGroup section */

/* Begin PBXNativeTarget section */
		4E85F2211B20FF670090741F /* TLM */ = {
			isa = PBXNativeTarget;
			buildConfigurationList = 4E85F2411B20FF670090741F /* Build configuration list for PBXNativeTarget "TLM" */;
			buildPhases = (
				4E85F21E1B20FF670090741F /* Sources */,
				4E85F21F1B20FF670090741F /* Frameworks */,
				4E85F2201B20FF670090741F /* Resources */,
			);
			buildRules = (
			);
			dependencies = (
			);
			name = TLM;
			productName = TLM;
			productReference = 4E85F2221B20FF670090741F /* TLM.app */;
			productType = "com.apple.product-type.application";
		};
		4E85F2361B20FF670090741F /* TLMTests */ = {
			isa = PBXNativeTarget;
			buildConfigurationList = 4E85F2441B20FF670090741F /* Build configuration list for PBXNativeTarget "TLMTests" */;
			buildPhases = (
				4E85F2331B20FF670090741F /* Sources */,
				4E85F2341B20FF670090741F /* Frameworks */,
				4E85F2351B20FF670090741F /* Resources */,
			);
			buildRules = (
			);
			dependencies = (
				4E85F2391B20FF670090741F /* PBXTargetDependency */,
			);
			name = TLMTests;
			productName = TLMTests;
			productReference = 4E85F2371B20FF670090741F /* TLMTests.xctest */;
			productType = "com.apple.product-type.bundle.unit-test";
		};
/* End PBXNativeTarget section */

/* Begin PBXProject section */
		4E85F21A1B20FF670090741F /* Project object */ = {
			isa = PBXProject;
			attributes = {
				LastUpgradeCheck = 0630;
				ORGANIZATIONNAME = "Gary Chamberlain";
				TargetAttributes = {
					4E85F2211B20FF670090741F = {
						CreatedOnToolsVersion = 6.3.2;
						DevelopmentTeam = A7VQ8984ET;
					};
					4E85F2361B20FF670090741F = {
						CreatedOnToolsVersion = 6.3.2;
						TestTargetID = 4E85F2211B20FF670090741F;
					};
				};
			};
			buildConfigurationList = 4E85F21D1B20FF670090741F /* Build configuration list for PBXProject "TLM" */;
			compatibilityVersion = "Xcode 3.2";
			developmentRegion = English;
			hasScannedForEncodings = 0;
			knownRegions = (
				en,
				Base,
			);
			mainGroup = 4E85F2191B20FF670090741F;
			productRefGroup = 4E85F2231B20FF670090741F /* Products */;
			projectDirPath = "";
			projectRoot = "";
			targets = (
				4E85F2211B20FF670090741F /* TLM */,
				4E85F2361B20FF670090741F /* TLMTests */,
			);
		};
/* End PBXProject section */

/* Begin PBXResourcesBuildPhase section */
		4E85F2201B20FF670090741F /* Resources */ = {
			isa = PBXResourcesBuildPhase;
			buildActionMask = 2147483647;
			files = (
				4E852EC11B360226000FD961 /* Info.plist in Resources */,
				4E85F22D1B20FF670090741F /* Main.storyboard in Resources */,
				4E85F2321B20FF670090741F /* LaunchScreen.xib in Resources */,
				4E85F22F1B20FF670090741F /* Images.xcassets in Resources */,
				4E852EC41B360226000FD961 /* LoadingView.xib in Resources */,
			);
			runOnlyForDeploymentPostprocessing = 0;
		};
		4E85F2351B20FF670090741F /* Resources */ = {
			isa = PBXResourcesBuildPhase;
			buildActionMask = 2147483647;
			files = (
			);
			runOnlyForDeploymentPostprocessing = 0;
		};
/* End PBXResourcesBuildPhase section */

/* Begin PBXSourcesBuildPhase section */
		4E85F21E1B20FF670090741F /* Sources */ = {
			isa = PBXSourcesBuildPhase;
			buildActionMask = 2147483647;
			files = (
				4E85F22A1B20FF670090741F /* ViewController.swift in Sources */,
				4E852EC61B360226000FD961 /* SoundPlayer.swift in Sources */,
				4E852EBA1B360226000FD961 /* DesignableImageView.swift in Sources */,
				4E852ECC1B360226000FD961 /* SpringTextField.swift in Sources */,
				4E85F2281B20FF670090741F /* AppDelegate.swift in Sources */,
				4E852EBD1B360226000FD961 /* DesignableTextField.swift in Sources */,
				4E852ECF1B360226000FD961 /* TransitionManager.swift in Sources */,
				4E852EC81B360226000FD961 /* SpringAnimation.swift in Sources */,
				4E852EB51B360226000FD961 /* AsyncButton.swift in Sources */,
				4E852EC21B360226000FD961 /* KeyboardLayoutConstraint.swift in Sources */,
				4E852EB91B360226000FD961 /* DesignableButton.swift in Sources */,
				4E9D6A6F1B261DF900875E7A /* PlayerTableViewController.swift in Sources */,
				4E945C4D1B228BBB002D1B09 /* WeekTableViewController.swift in Sources */,
				4E852EBF1B360226000FD961 /* DesignableView.swift in Sources */,
				4E852ED01B360226000FD961 /* TransitionZoom.swift in Sources */,
				4E852EB81B360226000FD961 /* BlurView.swift in Sources */,
				4E02A8BF1B2AA8D40012C8DC /* EditPlayerTableViewController.swift in Sources */,
				4E852EC01B360226000FD961 /* ImageLoader.swift in Sources */,
				4E852ECE1B360226000FD961 /* SpringView.swift in Sources */,
				4E852ECB1B360226000FD961 /* SpringLabel.swift in Sources */,
				4E852EC51B360226000FD961 /* Misc.swift in Sources */,
				4E852EBC1B360226000FD961 /* DesignableTabBarController.swift in Sources */,
				4E852EB71B360226000FD961 /* AutoTextView.swift in Sources */,
				4E852EBE1B360226000FD961 /* DesignableTextView.swift in Sources */,
				4E852EC71B360226000FD961 /* Spring.swift in Sources */,
				4E852EC91B360226000FD961 /* SpringButton.swift in Sources */,
				4E852ED11B360226000FD961 /* UnwindSegue.swift in Sources */,
				4E852EBB1B360226000FD961 /* DesignableLabel.swift in Sources */,
				4E852ECA1B360226000FD961 /* SpringImageView.swift in Sources */,
				4E852EC31B360226000FD961 /* LoadingView.swift in Sources */,
				4E852ECD1B360226000FD961 /* SpringTextView.swift in Sources */,
				4E852EB61B360226000FD961 /* AsyncImageView.swift in Sources */,
			);
			runOnlyForDeploymentPostprocessing = 0;
		};
		4E85F2331B20FF670090741F /* Sources */ = {
			isa = PBXSourcesBuildPhase;
			buildActionMask = 2147483647;
			files = (
				4E85F23E1B20FF670090741F /* TLMTests.swift in Sources */,
			);
			runOnlyForDeploymentPostprocessing = 0;
		};
/* End PBXSourcesBuildPhase section */

/* Begin PBXTargetDependency section */
		4E85F2391B20FF670090741F /* PBXTargetDependency */ = {
			isa = PBXTargetDependency;
			target = 4E85F2211B20FF670090741F /* TLM */;
			targetProxy = 4E85F2381B20FF670090741F /* PBXContainerItemProxy */;
		};
/* End PBXTargetDependency section */

/* Begin PBXVariantGroup section */
		4E85F22B1B20FF670090741F /* Main.storyboard */ = {
			isa = PBXVariantGroup;
			children = (
				4E85F22C1B20FF670090741F /* Base */,
			);
			name = Main.storyboard;
			sourceTree = "<group>";
		};
		4E85F2301B20FF670090741F /* LaunchScreen.xib */ = {
			isa = PBXVariantGroup;
			children = (
				4E85F2311B20FF670090741F /* Base */,
			);
			name = LaunchScreen.xib;
			sourceTree = "<group>";
		};
/* End PBXVariantGroup section */

/* Begin XCBuildConfiguration section */
		4E85F23F1B20FF670090741F /* Debug */ = {
			isa = XCBuildConfiguration;
			buildSettings = {
				ALWAYS_SEARCH_USER_PATHS = NO;
				CLANG_CXX_LANGUAGE_STANDARD = "gnu++0x";
				CLANG_CXX_LIBRARY = "libc++";
				CLANG_ENABLE_MODULES = YES;
				CLANG_ENABLE_OBJC_ARC = YES;
				CLANG_WARN_BOOL_CONVERSION = YES;
				CLANG_WARN_CONSTANT_CONVERSION = YES;
				CLANG_WARN_DIRECT_OBJC_ISA_USAGE = YES_ERROR;
				CLANG_WARN_EMPTY_BODY = YES;
				CLANG_WARN_ENUM_CONVERSION = YES;
				CLANG_WARN_INT_CONVERSION = YES;
				CLANG_WARN_OBJC_ROOT_CLASS = YES_ERROR;
				CLANG_WARN_UNREACHABLE_CODE = YES;
				CLANG_WARN__DUPLICATE_METHOD_MATCH = YES;
				"CODE_SIGN_IDENTITY[sdk=iphoneos*]" = "iPhone Developer";
				COPY_PHASE_STRIP = NO;
				DEBUG_INFORMATION_FORMAT = "dwarf-with-dsym";
				ENABLE_STRICT_OBJC_MSGSEND = YES;
				GCC_C_LANGUAGE_STANDARD = gnu99;
				GCC_DYNAMIC_NO_PIC = NO;
				GCC_NO_COMMON_BLOCKS = YES;
				GCC_OPTIMIZATION_LEVEL = 0;
				GCC_PREPROCESSOR_DEFINITIONS = (
					"DEBUG=1",
					"$(inherited)",
				);
				GCC_SYMBOLS_PRIVATE_EXTERN = NO;
				GCC_WARN_64_TO_32_BIT_CONVERSION = YES;
				GCC_WARN_ABOUT_RETURN_TYPE = YES_ERROR;
				GCC_WARN_UNDECLARED_SELECTOR = YES;
				GCC_WARN_UNINITIALIZED_AUTOS = YES_AGGRESSIVE;
				GCC_WARN_UNUSED_FUNCTION = YES;
				GCC_WARN_UNUSED_VARIABLE = YES;
				IPHONEOS_DEPLOYMENT_TARGET = 8.3;
				MTL_ENABLE_DEBUG_INFO = YES;
				ONLY_ACTIVE_ARCH = YES;
				SDKROOT = iphoneos;
				SWIFT_OPTIMIZATION_LEVEL = "-Onone";
			};
			name = Debug;
		};
		4E85F2401B20FF670090741F /* Release */ = {
			isa = XCBuildConfiguration;
			buildSettings = {
				ALWAYS_SEARCH_USER_PATHS = NO;
				CLANG_CXX_LANGUAGE_STANDARD = "gnu++0x";
				CLANG_CXX_LIBRARY = "libc++";
				CLANG_ENABLE_MODULES = YES;
				CLANG_ENABLE_OBJC_ARC = YES;
				CLANG_WARN_BOOL_CONVERSION = YES;
				CLANG_WARN_CONSTANT_CONVERSION = YES;
				CLANG_WARN_DIRECT_OBJC_ISA_USAGE = YES_ERROR;
				CLANG_WARN_EMPTY_BODY = YES;
				CLANG_WARN_ENUM_CONVERSION = YES;
				CLANG_WARN_INT_CONVERSION = YES;
				CLANG_WARN_OBJC_ROOT_CLASS = YES_ERROR;
				CLANG_WARN_UNREACHABLE_CODE = YES;
				CLANG_WARN__DUPLICATE_METHOD_MATCH = YES;
				"CODE_SIGN_IDENTITY[sdk=iphoneos*]" = "iPhone Developer";
				COPY_PHASE_STRIP = NO;
				DEBUG_INFORMATION_FORMAT = "dwarf-with-dsym";
				ENABLE_NS_ASSERTIONS = NO;
				ENABLE_STRICT_OBJC_MSGSEND = YES;
				GCC_C_LANGUAGE_STANDARD = gnu99;
				GCC_NO_COMMON_BLOCKS = YES;
				GCC_WARN_64_TO_32_BIT_CONVERSION = YES;
				GCC_WARN_ABOUT_RETURN_TYPE = YES_ERROR;
				GCC_WARN_UNDECLARED_SELECTOR = YES;
				GCC_WARN_UNINITIALIZED_AUTOS = YES_AGGRESSIVE;
				GCC_WARN_UNUSED_FUNCTION = YES;
				GCC_WARN_UNUSED_VARIABLE = YES;
				IPHONEOS_DEPLOYMENT_TARGET = 8.3;
				MTL_ENABLE_DEBUG_INFO = NO;
				SDKROOT = iphoneos;
				VALIDATE_PRODUCT = YES;
			};
			name = Release;
		};
		4E85F2421B20FF670090741F /* Debug */ = {
			isa = XCBuildConfiguration;
			buildSettings = {
				ASSETCATALOG_COMPILER_APPICON_NAME = AppIcon;
				CODE_SIGN_IDENTITY = "iPhone Developer";
				INFOPLIST_FILE = TLM/Info.plist;
				LD_RUNPATH_SEARCH_PATHS = "$(inherited) @executable_path/Frameworks";
				PRODUCT_NAME = "$(TARGET_NAME)";
				TARGETED_DEVICE_FAMILY = 1;
			};
			name = Debug;
		};
		4E85F2431B20FF670090741F /* Release */ = {
			isa = XCBuildConfiguration;
			buildSettings = {
				ASSETCATALOG_COMPILER_APPICON_NAME = AppIcon;
				CODE_SIGN_IDENTITY = "iPhone Developer";
				INFOPLIST_FILE = TLM/Info.plist;
				LD_RUNPATH_SEARCH_PATHS = "$(inherited) @executable_path/Frameworks";
				PRODUCT_NAME = "$(TARGET_NAME)";
				TARGETED_DEVICE_FAMILY = 1;
			};
			name = Release;
		};
		4E85F2451B20FF670090741F /* Debug */ = {
			isa = XCBuildConfiguration;
			buildSettings = {
				BUNDLE_LOADER = "$(TEST_HOST)";
				FRAMEWORK_SEARCH_PATHS = (
					"$(SDKROOT)/Developer/Library/Frameworks",
					"$(inherited)",
				);
				GCC_PREPROCESSOR_DEFINITIONS = (
					"DEBUG=1",
					"$(inherited)",
				);
				INFOPLIST_FILE = TLMTests/Info.plist;
				LD_RUNPATH_SEARCH_PATHS = "$(inherited) @executable_path/Frameworks @loader_path/Frameworks";
				PRODUCT_NAME = "$(TARGET_NAME)";
				TEST_HOST = "$(BUILT_PRODUCTS_DIR)/TLM.app/TLM";
			};
			name = Debug;
		};
		4E85F2461B20FF670090741F /* Release */ = {
			isa = XCBuildConfiguration;
			buildSettings = {
				BUNDLE_LOADER = "$(TEST_HOST)";
				FRAMEWORK_SEARCH_PATHS = (
					"$(SDKROOT)/Developer/Library/Frameworks",
					"$(inherited)",
				);
				INFOPLIST_FILE = TLMTests/Info.plist;
				LD_RUNPATH_SEARCH_PATHS = "$(inherited) @executable_path/Frameworks @loader_path/Frameworks";
				PRODUCT_NAME = "$(TARGET_NAME)";
				TEST_HOST = "$(BUILT_PRODUCTS_DIR)/TLM.app/TLM";
			};
			name = Release;
		};
/* End XCBuildConfiguration section */

/* Begin XCConfigurationList section */
		4E85F21D1B20FF670090741F /* Build configuration list for PBXProject "TLM" */ = {
			isa = XCConfigurationList;
			buildConfigurations = (
				4E85F23F1B20FF670090741F /* Debug */,
				4E85F2401B20FF670090741F /* Release */,
			);
			defaultConfigurationIsVisible = 0;
			defaultConfigurationName = Release;
		};
		4E85F2411B20FF670090741F /* Build configuration list for PBXNativeTarget "TLM" */ = {
			isa = XCConfigurationList;
			buildConfigurations = (
				4E85F2421B20FF670090741F /* Debug */,
				4E85F2431B20FF670090741F /* Release */,
			);
			defaultConfigurationIsVisible = 0;
			defaultConfigurationName = Release;
		};
		4E85F2441B20FF670090741F /* Build configuration list for PBXNativeTarget "TLMTests" */ = {
			isa = XCConfigurationList;
			buildConfigurations = (
				4E85F2451B20FF670090741F /* Debug */,
				4E85F2461B20FF670090741F /* Release */,
			);
			defaultConfigurationIsVisible = 0;
			defaultConfigurationName = Release;
		};
/* End XCConfigurationList section */
	};
	rootObject = 4E85F21A1B20FF670090741F /* Project object */;
}
